
Microsoft Visual Studio Solution File, Format Version 12.00
# Visual Studio Version 16
VisualStudioVersion = 16.0.29306.81
MinimumVisualStudioVersion = 10.0.40219.1
Project("{FAE04EC0-301F-11D3-BF4B-00C04F79EFBC}") = "Fronted.Android", "Fronted\Fronted.Android\Fronted.Android.csproj", "{46170BEA-DAF9-47B9-A761-EBBF16AE10B0}"
EndProject
Project("{FAE04EC0-301F-11D3-BF4B-00C04F79EFBC}") = "Fronted.iOS", "Fronted\Fronted.iOS\Fronted.iOS.csproj", "{CD8763AC-691D-4A93-969F-75D4D1D0D2A8}"
EndProject
Project("{FAE04EC0-301F-11D3-BF4B-00C04F79EFBC}") = "Fronted", "Fronted\Fronted\Fronted.csproj", "{2F8D13B1-B536-44E4-968A-75B2010A5BA1}"
EndProject
Project("{FAE04EC0-301F-11D3-BF4B-00C04F79EFBC}") = "Backend", "Backend\Backend.csproj", "{65193095-416D-4235-92AC-716713EDD27C}"
EndProject
Project("{FAE04EC0-301F-11D3-BF4B-00C04F79EFBC}") = "Domain", "Domain\Domain.csproj", "{F5654C84-2A5E-4C14-8360-12E9F1ABA889}"
EndProject
Project("{FAE04EC0-301F-11D3-BF4B-00C04F79EFBC}") = "Api", "Api\Api.csproj", "{7C36F808-32B7-46C1-B0AA-E21399D8ED5C}"
EndProject
Global
	GlobalSection(SolutionConfigurationPlatforms) = preSolution
		Debug|Any CPU = Debug|Any CPU
		Debug|iPhone = Debug|iPhone
		Debug|iPhoneSimulator = Debug|iPhoneSimulator
		Release|Any CPU = Release|Any CPU
		Release|iPhone = Release|iPhone
		Release|iPhoneSimulator = Release|iPhoneSimulator
	EndGlobalSection
	GlobalSection(ProjectConfigurationPlatforms) = postSolution
		{46170BEA-DAF9-47B9-A761-EBBF16AE10B0}.Debug|Any CPU.ActiveCfg = Debug|Any CPU
		{46170BEA-DAF9-47B9-A761-EBBF16AE10B0}.Debug|Any CPU.Build.0 = Debug|Any CPU
		{46170BEA-DAF9-47B9-A761-EBBF16AE10B0}.Debug|Any CPU.Deploy.0 = Debug|Any CPU
		{46170BEA-DAF9-47B9-A761-EBBF16AE10B0}.Debug|iPhone.ActiveCfg = Debug|Any CPU
		{46170BEA-DAF9-47B9-A761-EBBF16AE10B0}.Debug|iPhone.Build.0 = Debug|Any CPU
		{46170BEA-DAF9-47B9-A761-EBBF16AE10B0}.Debug|iPhone.Deploy.0 = Debug|Any CPU
		{46170BEA-DAF9-47B9-A761-EBBF16AE10B0}.Debug|iPhoneSimulator.ActiveCfg = Debug|Any CPU
		{46170BEA-DAF9-47B9-A761-EBBF16AE10B0}.Debug|iPhoneSimulator.Build.0 = Debug|Any CPU
		{46170BEA-DAF9-47B9-A761-EBBF16AE10B0}.Debug|iPhoneSimulator.Deploy.0 = Debug|Any CPU
		{46170BEA-DAF9-47B9-A761-EBBF16AE10B0}.Release|Any CPU.ActiveCfg = Release|Any CPU
		{46170BEA-DAF9-47B9-A761-EBBF16AE10B0}.Release|Any CPU.Build.0 = Release|Any CPU
		{46170BEA-DAF9-47B9-A761-EBBF16AE10B0}.Release|Any CPU.Deploy.0 = Release|Any CPU
		{46170BEA-DAF9-47B9-A761-EBBF16AE10B0}.Release|iPhone.ActiveCfg = Release|Any CPU
		{46170BEA-DAF9-47B9-A761-EBBF16AE10B0}.Release|iPhone.Build.0 = Release|Any CPU
		{46170BEA-DAF9-47B9-A761-EBBF16AE10B0}.Release|iPhone.Deploy.0 = Release|Any CPU
		{46170BEA-DAF9-47B9-A761-EBBF16AE10B0}.Release|iPhoneSimulator.ActiveCfg = Release|Any CPU
		{46170BEA-DAF9-47B9-A761-EBBF16AE10B0}.Release|iPhoneSimulator.Build.0 = Release|Any CPU
		{46170BEA-DAF9-47B9-A761-EBBF16AE10B0}.Release|iPhoneSimulator.Deploy.0 = Release|Any CPU
		{CD8763AC-691D-4A93-969F-75D4D1D0D2A8}.Debug|Any CPU.ActiveCfg = Debug|iPhoneSimulator
		{CD8763AC-691D-4A93-969F-75D4D1D0D2A8}.Debug|Any CPU.Build.0 = Debug|iPhoneSimulator
		{CD8763AC-691D-4A93-969F-75D4D1D0D2A8}.Debug|Any CPU.Deploy.0 = Debug|iPhoneSimulator
		{CD8763AC-691D-4A93-969F-75D4D1D0D2A8}.Debug|iPhone.ActiveCfg = Debug|iPhone
		{CD8763AC-691D-4A93-969F-75D4D1D0D2A8}.Debug|iPhone.Build.0 = Debug|iPhone
		{CD8763AC-691D-4A93-969F-75D4D1D0D2A8}.Debug|iPhone.Deploy.0 = Debug|iPhone
		{CD8763AC-691D-4A93-969F-75D4D1D0D2A8}.Debug|iPhoneSimulator.ActiveCfg = Debug|iPhoneSimulator
		{CD8763AC-691D-4A93-969F-75D4D1D0D2A8}.Debug|iPhoneSimulator.Build.0 = Debug|iPhoneSimulator
		{CD8763AC-691D-4A93-969F-75D4D1D0D2A8}.Debug|iPhoneSimulator.Deploy.0 = Debug|iPhoneSimulator
		{CD8763AC-691D-4A93-969F-75D4D1D0D2A8}.Release|Any CPU.ActiveCfg = Release|iPhone
		{CD8763AC-691D-4A93-969F-75D4D1D0D2A8}.Release|Any CPU.Build.0 = Release|iPhone
		{CD8763AC-691D-4A93-969F-75D4D1D0D2A8}.Release|Any CPU.Deploy.0 = Release|iPhone
		{CD8763AC-691D-4A93-969F-75D4D1D0D2A8}.Release|iPhone.ActiveCfg = Release|iPhone
		{CD8763AC-691D-4A93-969F-75D4D1D0D2A8}.Release|iPhone.Build.0 = Release|iPhone
		{CD8763AC-691D-4A93-969F-75D4D1D0D2A8}.Release|iPhone.Deploy.0 = Release|iPhone
		{CD8763AC-691D-4A93-969F-75D4D1D0D2A8}.Release|iPhoneSimulator.ActiveCfg = Release|iPhoneSimulator
		{CD8763AC-691D-4A93-969F-75D4D1D0D2A8}.Release|iPhoneSimulator.Build.0 = Release|iPhoneSimulator
		{CD8763AC-691D-4A93-969F-75D4D1D0D2A8}.Release|iPhoneSimulator.Deploy.0 = Release|iPhoneSimulator
		{2F8D13B1-B536-44E4-968A-75B2010A5BA1}.Debug|Any CPU.ActiveCfg = Debug|Any CPU
		{2F8D13B1-B536-44E4-968A-75B2010A5BA1}.Debug|Any CPU.Build.0 = Debug|Any CPU
		{2F8D13B1-B536-44E4-968A-75B2010A5BA1}.Debug|Any CPU.Deploy.0 = Debug|Any CPU
		{2F8D13B1-B536-44E4-968A-75B2010A5BA1}.Debug|iPhone.ActiveCfg = Debug|Any CPU
		{2F8D13B1-B536-44E4-968A-75B2010A5BA1}.Debug|iPhone.Build.0 = Debug|Any CPU
		{2F8D13B1-B536-44E4-968A-75B2010A5BA1}.Debug|iPhone.Deploy.0 = Debug|Any CPU
		{2F8D13B1-B536-44E4-968A-75B2010A5BA1}.Debug|iPhoneSimulator.ActiveCfg = Debug|Any CPU
		{2F8D13B1-B536-44E4-968A-75B2010A5BA1}.Debug|iPhoneSimulator.Build.0 = Debug|Any CPU
		{2F8D13B1-B536-44E4-968A-75B2010A5BA1}.Debug|iPhoneSimulator.Deploy.0 = Debug|Any CPU
		{2F8D13B1-B536-44E4-968A-75B2010A5BA1}.Release|Any CPU.ActiveCfg = Release|Any CPU
		{2F8D13B1-B536-44E4-968A-75B2010A5BA1}.Release|Any CPU.Build.0 = Release|Any CPU
		{2F8D13B1-B536-44E4-968A-75B2010A5BA1}.Release|Any CPU.Deploy.0 = Release|Any CPU
		{2F8D13B1-B536-44E4-968A-75B2010A5BA1}.Release|iPhone.ActiveCfg = Release|Any CPU
		{2F8D13B1-B536-44E4-968A-75B2010A5BA1}.Release|iPhone.Build.0 = Release|Any CPU
		{2F8D13B1-B536-44E4-968A-75B2010A5BA1}.Release|iPhone.Deploy.0 = Release|Any CPU
		{2F8D13B1-B536-44E4-968A-75B2010A5BA1}.Release|iPhoneSimulator.ActiveCfg = Release|Any CPU
		{2F8D13B1-B536-44E4-968A-75B2010A5BA1}.Release|iPhoneSimulator.Build.0 = Release|Any CPU
		{2F8D13B1-B536-44E4-968A-75B2010A5BA1}.Release|iPhoneSimulator.Deploy.0 = Release|Any CPU
		{65193095-416D-4235-92AC-716713EDD27C}.Debug|Any CPU.ActiveCfg = Debug|Any CPU
		{65193095-416D-4235-92AC-716713EDD27C}.Debug|Any CPU.Build.0 = Debug|Any CPU
		{65193095-416D-4235-92AC-716713EDD27C}.Debug|iPhone.ActiveCfg = Debug|Any CPU
		{65193095-416D-4235-92AC-716713EDD27C}.Debug|iPhone.Build.0 = Debug|Any CPU
		{65193095-416D-4235-92AC-716713EDD27C}.Debug|iPhoneSimulator.ActiveCfg = Debug|Any CPU
		{65193095-416D-4235-92AC-716713EDD27C}.Debug|iPhoneSimulator.Build.0 = Debug|Any CPU
		{65193095-416D-4235-92AC-716713EDD27C}.Release|Any CPU.ActiveCfg = Release|Any CPU
		{65193095-416D-4235-92AC-716713EDD27C}.Release|Any CPU.Build.0 = Release|Any CPU
		{65193095-416D-4235-92AC-716713EDD27C}.Release|iPhone.ActiveCfg = Release|Any CPU
		{65193095-416D-4235-92AC-716713EDD27C}.Release|iPhone.Build.0 = Release|Any CPU
		{65193095-416D-4235-92AC-716713EDD27C}.Release|iPhoneSimulator.ActiveCfg = Release|Any CPU
		{65193095-416D-4235-92AC-716713EDD27C}.Release|iPhoneSimulator.Build.0 = Release|Any CPU
		{F5654C84-2A5E-4C14-8360-12E9F1ABA889}.Debug|Any CPU.ActiveCfg = Debug|Any CPU
		{F5654C84-2A5E-4C14-8360-12E9F1ABA889}.Debug|Any CPU.Build.0 = Debug|Any CPU
		{F5654C84-2A5E-4C14-8360-12E9F1ABA889}.Debug|iPhone.ActiveCfg = Debug|Any CPU
		{F5654C84-2A5E-4C14-8360-12E9F1ABA889}.Debug|iPhone.Build.0 = Debug|Any CPU
		{F5654C84-2A5E-4C14-8360-12E9F1ABA889}.Debug|iPhoneSimulator.ActiveCfg = Debug|Any CPU
		{F5654C84-2A5E-4C14-8360-12E9F1ABA889}.Debug|iPhoneSimulator.Build.0 = Debug|Any CPU
		{F5654C84-2A5E-4C14-8360-12E9F1ABA889}.Release|Any CPU.ActiveCfg = Release|Any CPU
		{F5654C84-2A5E-4C14-8360-12E9F1ABA889}.Release|Any CPU.Build.0 = Release|Any CPU
		{F5654C84-2A5E-4C14-8360-12E9F1ABA889}.Release|iPhone.ActiveCfg = Release|Any CPU
		{F5654C84-2A5E-4C14-8360-12E9F1ABA889}.Release|iPhone.Build.0 = Release|Any CPU
		{F5654C84-2A5E-4C14-8360-12E9F1ABA889}.Release|iPhoneSimulator.ActiveCfg = Release|Any CPU
		{F5654C84-2A5E-4C14-8360-12E9F1ABA889}.Release|iPhoneSimulator.Build.0 = Release|Any CPU
		{7C36F808-32B7-46C1-B0AA-E21399D8ED5C}.Debug|Any CPU.ActiveCfg = Debug|Any CPU
		{7C36F808-32B7-46C1-B0AA-E21399D8ED5C}.Debug|Any CPU.Build.0 = Debug|Any CPU
		{7C36F808-32B7-46C1-B0AA-E21399D8ED5C}.Debug|iPhone.ActiveCfg = Debug|Any CPU
		{7C36F808-32B7-46C1-B0AA-E21399D8ED5C}.Debug|iPhone.Build.0 = Debug|Any CPU
		{7C36F808-32B7-46C1-B0AA-E21399D8ED5C}.Debug|iPhoneSimulator.ActiveCfg = Debug|Any CPU
		{7C36F808-32B7-46C1-B0AA-E21399D8ED5C}.Debug|iPhoneSimulator.Build.0 = Debug|Any CPU
		{7C36F808-32B7-46C1-B0AA-E21399D8ED5C}.Release|Any CPU.ActiveCfg = Release|Any CPU
		{7C36F808-32B7-46C1-B0AA-E21399D8ED5C}.Release|Any CPU.Build.0 = Release|Any CPU
		{7C36F808-32B7-46C1-B0AA-E21399D8ED5C}.Release|iPhone.ActiveCfg = Release|Any CPU
		{7C36F808-32B7-46C1-B0AA-E21399D8ED5C}.Release|iPhone.Build.0 = Release|Any CPU
		{7C36F808-32B7-46C1-B0AA-E21399D8ED5C}.Release|iPhoneSimulator.ActiveCfg = Release|Any CPU
		{7C36F808-32B7-46C1-B0AA-E21399D8ED5C}.Release|iPhoneSimulator.Build.0 = Release|Any CPU
	EndGlobalSection
	GlobalSection(SolutionProperties) = preSolution
		HideSolutionNode = FALSE
	EndGlobalSection
	GlobalSection(ExtensibilityGlobals) = postSolution
		SolutionGuid = {6864E674-C7A7-43F6-A264-31B4B0E7B512}
	EndGlobalSection
EndGlobal
